
Microsoft Visual Studio Solution File, Format Version 12.00
# Visual Studio Version 16
VisualStudioVersion = 16.0.31702.278
MinimumVisualStudioVersion = 10.0.40219.1
Project("{FAE04EC0-301F-11D3-BF4B-00C04F79EFBC}") = "varManager", "varManager\varManager.csproj", "{EA2A1B27-CA81-4DBF-8E10-97A0243B6184}"
EndProject
Global
	GlobalSection(SolutionConfigurationPlatforms) = preSolution
		Debug|Any CPU = Debug|Any CPU
		Release|Any CPU = Release|Any CPU
	EndGlobalSection
	GlobalSection(ProjectConfigurationPlatforms) = postSolution
		{EA2A1B27-CA81-4DBF-8E10-97A0243B6184}.Debug|Any CPU.ActiveCfg = Debug|Any CPU
		{EA2A1B27-CA81-4DBF-8E10-97A0243B6184}.Debug|Any CPU.Build.0 = Debug|Any CPU
		{EA2A1B27-CA81-4DBF-8E10-97A0243B6184}.Release|Any CPU.ActiveCfg = Release|Any CPU
		{EA2A1B27-CA81-4DBF-8E10-97A0243B6184}.Release|Any CPU.Build.0 = Release|Any CPU
	EndGlobalSection
	GlobalSection(SolutionProperties) = preSolution
		HideSolutionNode = FALSE
	EndGlobalSection
	GlobalSection(ExtensibilityGlobals) = postSolution
		SolutionGuid = {D0040F30-0947-4707-95E7-97AFD37A5633}
	EndGlobalSection
EndGlobal
